
Microsoft Visual Studio Solution File, Format Version 12.00
# Visual Studio Version 16
VisualStudioVersion = 16.0.30717.126
MinimumVisualStudioVersion = 10.0.40219.1
Project("{9A19103F-16F7-4668-BE54-9A1E7A4F7556}") = "SurfsUp", "SurfsUp\SurfsUp.csproj", "{CB84FEC2-1ABC-4FC1-AE33-6B6A42AE036A}"
EndProject
Project("{9A19103F-16F7-4668-BE54-9A1E7A4F7556}") = "DataProvider", "DataProvider\DataProvider.csproj", "{2A19B8F2-7CA4-412A-A177-C04AA02CDD31}"
EndProject
Project("{9A19103F-16F7-4668-BE54-9A1E7A4F7556}") = "DataProvider.Tests", "DataProvider.Tests\DataProvider.Tests.csproj", "{5F823800-B3DF-4559-AAAC-120E4A879CDE}"
EndProject
Project("{9A19103F-16F7-4668-BE54-9A1E7A4F7556}") = "SurfsUp.Tests", "SurfsUp.Tests\SurfsUp.Tests.csproj", "{50917837-5751-40BA-ABAE-589EDFBCF90D}"
EndProject
Project("{FAE04EC0-301F-11D3-BF4B-00C04F79EFBC}") = "Database", "Database\Database.csproj", "{54A1EEEF-86A1-4A4D-A325-D1C49C9AAD15}"
EndProject
Project("{FAE04EC0-301F-11D3-BF4B-00C04F79EFBC}") = "Database.Tests", "Database.Tests\Database.Tests.csproj", "{5AB34473-B281-4436-BC6F-C65ABDE61515}"
EndProject
Global
	GlobalSection(SolutionConfigurationPlatforms) = preSolution
		Debug|Any CPU = Debug|Any CPU
		Release|Any CPU = Release|Any CPU
	EndGlobalSection
	GlobalSection(ProjectConfigurationPlatforms) = postSolution
		{CB84FEC2-1ABC-4FC1-AE33-6B6A42AE036A}.Debug|Any CPU.ActiveCfg = Debug|Any CPU
		{CB84FEC2-1ABC-4FC1-AE33-6B6A42AE036A}.Debug|Any CPU.Build.0 = Debug|Any CPU
		{CB84FEC2-1ABC-4FC1-AE33-6B6A42AE036A}.Release|Any CPU.ActiveCfg = Release|Any CPU
		{CB84FEC2-1ABC-4FC1-AE33-6B6A42AE036A}.Release|Any CPU.Build.0 = Release|Any CPU
		{2A19B8F2-7CA4-412A-A177-C04AA02CDD31}.Debug|Any CPU.ActiveCfg = Debug|Any CPU
		{2A19B8F2-7CA4-412A-A177-C04AA02CDD31}.Debug|Any CPU.Build.0 = Debug|Any CPU
		{2A19B8F2-7CA4-412A-A177-C04AA02CDD31}.Release|Any CPU.ActiveCfg = Release|Any CPU
		{2A19B8F2-7CA4-412A-A177-C04AA02CDD31}.Release|Any CPU.Build.0 = Release|Any CPU
		{5F823800-B3DF-4559-AAAC-120E4A879CDE}.Debug|Any CPU.ActiveCfg = Debug|Any CPU
		{5F823800-B3DF-4559-AAAC-120E4A879CDE}.Debug|Any CPU.Build.0 = Debug|Any CPU
		{5F823800-B3DF-4559-AAAC-120E4A879CDE}.Release|Any CPU.ActiveCfg = Release|Any CPU
		{5F823800-B3DF-4559-AAAC-120E4A879CDE}.Release|Any CPU.Build.0 = Release|Any CPU
		{50917837-5751-40BA-ABAE-589EDFBCF90D}.Debug|Any CPU.ActiveCfg = Debug|Any CPU
		{50917837-5751-40BA-ABAE-589EDFBCF90D}.Debug|Any CPU.Build.0 = Debug|Any CPU
		{50917837-5751-40BA-ABAE-589EDFBCF90D}.Release|Any CPU.ActiveCfg = Release|Any CPU
		{50917837-5751-40BA-ABAE-589EDFBCF90D}.Release|Any CPU.Build.0 = Release|Any CPU
		{54A1EEEF-86A1-4A4D-A325-D1C49C9AAD15}.Debug|Any CPU.ActiveCfg = Debug|Any CPU
		{54A1EEEF-86A1-4A4D-A325-D1C49C9AAD15}.Debug|Any CPU.Build.0 = Debug|Any CPU
		{54A1EEEF-86A1-4A4D-A325-D1C49C9AAD15}.Release|Any CPU.ActiveCfg = Release|Any CPU
		{54A1EEEF-86A1-4A4D-A325-D1C49C9AAD15}.Release|Any CPU.Build.0 = Release|Any CPU
		{5AB34473-B281-4436-BC6F-C65ABDE61515}.Debug|Any CPU.ActiveCfg = Debug|Any CPU
		{5AB34473-B281-4436-BC6F-C65ABDE61515}.Debug|Any CPU.Build.0 = Debug|Any CPU
		{5AB34473-B281-4436-BC6F-C65ABDE61515}.Release|Any CPU.ActiveCfg = Release|Any CPU
		{5AB34473-B281-4436-BC6F-C65ABDE61515}.Release|Any CPU.Build.0 = Release|Any CPU
	EndGlobalSection
	GlobalSection(SolutionProperties) = preSolution
		HideSolutionNode = FALSE
	EndGlobalSection
	GlobalSection(ExtensibilityGlobals) = postSolution
		SolutionGuid = {9BDC3565-C493-4A6B-A497-5BDC1B11464E}
	EndGlobalSection
EndGlobal
